{
  "nodes": {
    "core": {
      "inputs": {
        "nixpkgs": [
          "nixpkgs"
        ]
      },
      "locked": {
        "lastModified": 1785899799,
        "narHash": "sha256-UpbGgKuA/eq6roO4ph5uS9gk8k+hyL3skjIipsd/Ank=",
        "owner": "ryebreadgit",
        "repo": "nixos-flake-core",
        "rev": "5331f7bbff6a2ef759157fa3fa0652b6d11fd4a8",
        "type": "github"
      },
      "original": {
        "owner": "ryebreadgit",
        "repo": "nixos-flake-core",
        "type": "github"
      }
    },
    "nixpkgs": {
      "locked": {
        "lastModified": 1785828668,
        "narHash": "sha256-8fsyqeO+mJqvIzeO4xIpgJe/f7MTbbVTEC6RT6WSXNs=",
        "owner": "nixos",
        "repo": "nixpkgs",
        "rev": "e72e4f299401a3689d4b3d5fc6496b11db7064eb",
        "type": "github"
      },
      "original": {
        "owner": "nixos",
        "ref": "nixos-unstable",
        "repo": "nixpkgs",
        "type": "github"
      }
    },
    "root": {
      "inputs": {
        "core": "core",
        "nixpkgs": "nixpkgs"
      }
    }
  },
  "root": "root",
  "version": 7
}
