{
  "nodes": {
    "core": {
      "inputs": {
        "nixpkgs": [
          "nixpkgs"
        ]
      },
      "locked": {
        "lastModified": 1791497734,
        "narHash": "sha256-nil4maQepwMFDMeFOJep54tue7SDMHEiVj84bT6roL8=",
        "owner": "ryebreadgit",
        "repo": "nixos-flake-core",
        "rev": "f267b2c99e627c89d0b1501e3a96f354cda6d0b4",
        "type": "github"
      },
      "original": {
        "owner": "ryebreadgit",
        "repo": "nixos-flake-core",
        "type": "github"
      }
    },
    "nixpkgs": {
      "locked": {
        "lastModified": 1791456040,
        "narHash": "sha256-H83yz/do+hjOO0uujHyH8RgtIQP2v7Mw+cLwcZK/xKc=",
        "owner": "nixos",
        "repo": "nixpkgs",
        "rev": "e7439b6b14ad3cc35d05608ebca9bce01a25f5f8",
        "type": "github"
      },
      "original": {
        "owner": "nixos",
        "ref": "nixos-unstable",
        "repo": "nixpkgs",
        "type": "github"
      }
    },
    "root": {
      "inputs": {
        "core": "core",
        "nixpkgs": "nixpkgs"
      }
    }
  },
  "root": "root",
  "version": 7
}
